
Microsoft Visual Studio Solution File, Format Version 12.00
# Visual Studio 15
VisualStudioVersion = 15.0.26730.12
MinimumVisualStudioVersion = 10.0.40219.1
Project("{FAE04EC0-301F-11D3-BF4B-00C04F79EFBC}") = "AkkaIoT", "AkkaIoT\AkkaIoT.csproj", "{1E8DDF53-41D4-44A1-8983-F84CC905F09E}"
EndProject
Global
	GlobalSection(SolutionConfigurationPlatforms) = preSolution
		Debug|Any CPU = Debug|Any CPU
		Release|Any CPU = Release|Any CPU
	EndGlobalSection
	GlobalSection(ProjectConfigurationPlatforms) = postSolution
		{1E8DDF53-41D4-44A1-8983-F84CC905F09E}.Debug|Any CPU.ActiveCfg = Debug|Any CPU
		{1E8DDF53-41D4-44A1-8983-F84CC905F09E}.Debug|Any CPU.Build.0 = Debug|Any CPU
		{1E8DDF53-41D4-44A1-8983-F84CC905F09E}.Release|Any CPU.ActiveCfg = Release|Any CPU
		{1E8DDF53-41D4-44A1-8983-F84CC905F09E}.Release|Any CPU.Build.0 = Release|Any CPU
	EndGlobalSection
	GlobalSection(SolutionProperties) = preSolution
		HideSolutionNode = FALSE
	EndGlobalSection
	GlobalSection(ExtensibilityGlobals) = postSolution
		SolutionGuid = {D715315B-AAFA-47CB-86EA-4194C1CBEA59}
	EndGlobalSection
EndGlobal
